// !$*UTF8*$!
{
	archiveVersion = 1;
	classes = {
	};
	objectVersion = 50;
	objects = {

/* Begin PBXBuildFile section */
		AB1D453C26249C460080310E /* AppDelegate.swift in Sources */ = {isa = PBXBuildFile; fileRef = AB1D453B26249C460080310E /* AppDelegate.swift */; };
		AB1D453E26249C460080310E /* SceneDelegate.swift in Sources */ = {isa = PBXBuildFile; fileRef = AB1D453D26249C460080310E /* SceneDelegate.swift */; };
		AB1D454026249C460080310E /* MainVC.swift in Sources */ = {isa = PBXBuildFile; fileRef = AB1D453F26249C460080310E /* MainVC.swift */; };
		AB1D454326249C460080310E /* Main.storyboard in Resources */ = {isa = PBXBuildFile; fileRef = AB1D454126249C460080310E /* Main.storyboard */; };
		AB1D454526249C470080310E /* Assets.xcassets in Resources */ = {isa = PBXBuildFile; fileRef = AB1D454426249C470080310E /* Assets.xcassets */; };
		AB1D454826249C470080310E /* LaunchScreen.storyboard in Resources */ = {isa = PBXBuildFile; fileRef = AB1D454626249C470080310E /* LaunchScreen.storyboard */; };
		AB1D455826249E080080310E /* UIView+Extensions.swift in Sources */ = {isa = PBXBuildFile; fileRef = AB1D455726249E080080310E /* UIView+Extensions.swift */; };
		AB87C81C262EC81300BA0AFA /* MainMenuCell.swift in Sources */ = {isa = PBXBuildFile; fileRef = AB87C81A262EC81300BA0AFA /* MainMenuCell.swift */; };
		AB87C81D262EC81300BA0AFA /* MainMenuCell.xib in Resources */ = {isa = PBXBuildFile; fileRef = AB87C81B262EC81300BA0AFA /* MainMenuCell.xib */; };
		AB87C821262EC9DB00BA0AFA /* MainMenu.swift in Sources */ = {isa = PBXBuildFile; fileRef = AB87C820262EC9DB00BA0AFA /* MainMenu.swift */; };
		AB87C826262ECA1500BA0AFA /* Group.swift in Sources */ = {isa = PBXBuildFile; fileRef = AB87C825262ECA1500BA0AFA /* Group.swift */; };
		AB87C829262ECA4900BA0AFA /* Todo.swift in Sources */ = {isa = PBXBuildFile; fileRef = AB87C828262ECA4900BA0AFA /* Todo.swift */; };
		AB87C82C262F442700BA0AFA /* UIButton+Extensions.swift in Sources */ = {isa = PBXBuildFile; fileRef = AB87C82B262F442700BA0AFA /* UIButton+Extensions.swift */; };
		AB87C82F262F492300BA0AFA /* MenuItemView.xib in Resources */ = {isa = PBXBuildFile; fileRef = AB87C82E262F492300BA0AFA /* MenuItemView.xib */; };
		AB87C834262F49AD00BA0AFA /* MenuItemView.swift in Sources */ = {isa = PBXBuildFile; fileRef = AB87C833262F49AD00BA0AFA /* MenuItemView.swift */; };
		AB8FDC5D2630493800279E95 /* MainListCell.swift in Sources */ = {isa = PBXBuildFile; fileRef = AB8FDC5B2630493800279E95 /* MainListCell.swift */; };
		AB8FDC5E2630493800279E95 /* MainListCell.xib in Resources */ = {isa = PBXBuildFile; fileRef = AB8FDC5C2630493800279E95 /* MainListCell.xib */; };
		AB8FDC6626308F7F00279E95 /* ItemTapGesture.swift in Sources */ = {isa = PBXBuildFile; fileRef = AB8FDC6526308F7F00279E95 /* ItemTapGesture.swift */; };
		ABF30F2D2628A6FF008CD8FA /* AddReminderVC.swift in Sources */ = {isa = PBXBuildFile; fileRef = ABF30F2C2628A6FF008CD8FA /* AddReminderVC.swift */; };
		ABF30F312628A70C008CD8FA /* AddListVC.swift in Sources */ = {isa = PBXBuildFile; fileRef = ABF30F302628A70C008CD8FA /* AddListVC.swift */; };
/* End PBXBuildFile section */

/* Begin PBXFileReference section */
		AB1D453826249C460080310E /* reminder-iOS-clone.app */ = {isa = PBXFileReference; explicitFileType = wrapper.application; includeInIndex = 0; path = "reminder-iOS-clone.app"; sourceTree = BUILT_PRODUCTS_DIR; };
		AB1D453B26249C460080310E /* AppDelegate.swift */ = {isa = PBXFileReference; lastKnownFileType = sourcecode.swift; path = AppDelegate.swift; sourceTree = "<group>"; };
		AB1D453D26249C460080310E /* SceneDelegate.swift */ = {isa = PBXFileReference; lastKnownFileType = sourcecode.swift; path = SceneDelegate.swift; sourceTree = "<group>"; };
		AB1D453F26249C460080310E /* MainVC.swift */ = {isa = PBXFileReference; lastKnownFileType = sourcecode.swift; path = MainVC.swift; sourceTree = "<group>"; };
		AB1D454226249C460080310E /* Base */ = {isa = PBXFileReference; lastKnownFileType = file.storyboard; name = Base; path = Base.lproj/Main.storyboard; sourceTree = "<group>"; };
		AB1D454426249C470080310E /* Assets.xcassets */ = {isa = PBXFileReference; lastKnownFileType = folder.assetcatalog; path = Assets.xcassets; sourceTree = "<group>"; };
		AB1D454726249C470080310E /* Base */ = {isa = PBXFileReference; lastKnownFileType = file.storyboard; name = Base; path = Base.lproj/LaunchScreen.storyboard; sourceTree = "<group>"; };
		AB1D454926249C470080310E /* Info.plist */ = {isa = PBXFileReference; lastKnownFileType = text.plist.xml; path = Info.plist; sourceTree = "<group>"; };
		AB1D455726249E080080310E /* UIView+Extensions.swift */ = {isa = PBXFileReference; lastKnownFileType = sourcecode.swift; path = "UIView+Extensions.swift"; sourceTree = "<group>"; };
		AB87C81A262EC81300BA0AFA /* MainMenuCell.swift */ = {isa = PBXFileReference; lastKnownFileType = sourcecode.swift; path = MainMenuCell.swift; sourceTree = "<group>"; };
		AB87C81B262EC81300BA0AFA /* MainMenuCell.xib */ = {isa = PBXFileReference; lastKnownFileType = file.xib; path = MainMenuCell.xib; sourceTree = "<group>"; };
		AB87C820262EC9DB00BA0AFA /* MainMenu.swift */ = {isa = PBXFileReference; lastKnownFileType = sourcecode.swift; path = MainMenu.swift; sourceTree = "<group>"; };
		AB87C825262ECA1500BA0AFA /* Group.swift */ = {isa = PBXFileReference; lastKnownFileType = sourcecode.swift; path = Group.swift; sourceTree = "<group>"; };
		AB87C828262ECA4900BA0AFA /* Todo.swift */ = {isa = PBXFileReference; lastKnownFileType = sourcecode.swift; path = Todo.swift; sourceTree = "<group>"; };
		AB87C82B262F442700BA0AFA /* UIButton+Extensions.swift */ = {isa = PBXFileReference; lastKnownFileType = sourcecode.swift; path = "UIButton+Extensions.swift"; sourceTree = "<group>"; };
		AB87C82E262F492300BA0AFA /* MenuItemView.xib */ = {isa = PBXFileReference; lastKnownFileType = file.xib; path = MenuItemView.xib; sourceTree = "<group>"; };
		AB87C833262F49AD00BA0AFA /* MenuItemView.swift */ = {isa = PBXFileReference; lastKnownFileType = sourcecode.swift; name = MenuItemView.swift; path = "reminder-iOS-clone/Sources/Xibs/Main/MenuItemView.swift"; sourceTree = SOURCE_ROOT; };
		AB8FDC5B2630493800279E95 /* MainListCell.swift */ = {isa = PBXFileReference; lastKnownFileType = sourcecode.swift; path = MainListCell.swift; sourceTree = "<group>"; };
		AB8FDC5C2630493800279E95 /* MainListCell.xib */ = {isa = PBXFileReference; lastKnownFileType = file.xib; path = MainListCell.xib; sourceTree = "<group>"; };
		AB8FDC6526308F7F00279E95 /* ItemTapGesture.swift */ = {isa = PBXFileReference; lastKnownFileType = sourcecode.swift; path = ItemTapGesture.swift; sourceTree = "<group>"; };
		ABF30F2C2628A6FF008CD8FA /* AddReminderVC.swift */ = {isa = PBXFileReference; lastKnownFileType = sourcecode.swift; path = AddReminderVC.swift; sourceTree = "<group>"; };
		ABF30F302628A70C008CD8FA /* AddListVC.swift */ = {isa = PBXFileReference; lastKnownFileType = sourcecode.swift; path = AddListVC.swift; sourceTree = "<group>"; };
/* End PBXFileReference section */

/* Begin PBXFrameworksBuildPhase section */
		AB1D453526249C460080310E /* Frameworks */ = {
			isa = PBXFrameworksBuildPhase;
			buildActionMask = 2147483647;
			files = (
			);
			runOnlyForDeploymentPostprocessing = 0;
		};
/* End PBXFrameworksBuildPhase section */

/* Begin PBXGroup section */
		AB1D452F26249C460080310E = {
			isa = PBXGroup;
			children = (
				AB1D453A26249C460080310E /* reminder-iOS-clone */,
				AB1D453926249C460080310E /* Products */,
			);
			sourceTree = "<group>";
		};
		AB1D453926249C460080310E /* Products */ = {
			isa = PBXGroup;
			children = (
				AB1D453826249C460080310E /* reminder-iOS-clone.app */,
			);
			name = Products;
			sourceTree = "<group>";
		};
		AB1D453A26249C460080310E /* reminder-iOS-clone */ = {
			isa = PBXGroup;
			children = (
				AB1D455126249C640080310E /* Sources */,
				AB1D455026249C580080310E /* Resources */,
				AB1D454926249C470080310E /* Info.plist */,
				AB1D453B26249C460080310E /* AppDelegate.swift */,
			);
			path = "reminder-iOS-clone";
			sourceTree = "<group>";
		};
		AB1D455026249C580080310E /* Resources */ = {
			isa = PBXGroup;
			children = (
				AB1D455326249D140080310E /* Storyboards */,
				AB1D454426249C470080310E /* Assets.xcassets */,
				AB1D453D26249C460080310E /* SceneDelegate.swift */,
			);
			path = Resources;
			sourceTree = "<group>";
		};
		AB1D455126249C640080310E /* Sources */ = {
			isa = PBXGroup;
			children = (
				AB8FDC6426308F6600279E95 /* Classes */,
				AB87C814262EC78300BA0AFA /* Xibs */,
				AB668E132625F86600938A3E /* Cells */,
				AB668E0D2625C92B00938A3E /* Models */,
				AB1D455626249DCE0080310E /* Extensions */,
				AB1D455226249D020080310E /* VCs */,
			);
			path = Sources;
			sourceTree = "<group>";
		};
		AB1D455226249D020080310E /* VCs */ = {
			isa = PBXGroup;
			children = (
				ABF30F2B2628A6D5008CD8FA /* Main */,
			);
			path = VCs;
			sourceTree = "<group>";
		};
		AB1D455326249D140080310E /* Storyboards */ = {
			isa = PBXGroup;
			children = (
				AB1D454626249C470080310E /* LaunchScreen.storyboard */,
				AB1D454126249C460080310E /* Main.storyboard */,
			);
			path = Storyboards;
			sourceTree = "<group>";
		};
		AB1D455626249DCE0080310E /* Extensions */ = {
			isa = PBXGroup;
			children = (
				AB1D455726249E080080310E /* UIView+Extensions.swift */,
				AB87C82B262F442700BA0AFA /* UIButton+Extensions.swift */,
			);
			path = Extensions;
			sourceTree = "<group>";
		};
		AB668E0D2625C92B00938A3E /* Models */ = {
			isa = PBXGroup;
			children = (
				AB87C824262EC9E500BA0AFA /* Main */,
			);
			path = Models;
			sourceTree = "<group>";
		};
		AB668E132625F86600938A3E /* Cells */ = {
			isa = PBXGroup;
			children = (
				ABF30F332628A817008CD8FA /* Main */,
			);
			path = Cells;
			sourceTree = "<group>";
		};
		AB87C814262EC78300BA0AFA /* Xibs */ = {
			isa = PBXGroup;
			children = (
				AB87C815262EC7BC00BA0AFA /* Main */,
			);
			path = Xibs;
			sourceTree = "<group>";
		};
		AB87C815262EC7BC00BA0AFA /* Main */ = {
			isa = PBXGroup;
			children = (
				AB87C81B262EC81300BA0AFA /* MainMenuCell.xib */,
				AB87C82E262F492300BA0AFA /* MenuItemView.xib */,
				AB87C833262F49AD00BA0AFA /* MenuItemView.swift */,
				AB8FDC5C2630493800279E95 /* MainListCell.xib */,
			);
			path = Main;
			sourceTree = "<group>";
		};
		AB87C824262EC9E500BA0AFA /* Main */ = {
			isa = PBXGroup;
			children = (
				AB87C820262EC9DB00BA0AFA /* MainMenu.swift */,
				AB87C825262ECA1500BA0AFA /* Group.swift */,
				AB87C828262ECA4900BA0AFA /* Todo.swift */,
			);
			path = Main;
			sourceTree = "<group>";
		};
		AB8FDC6426308F6600279E95 /* Classes */ = {
			isa = PBXGroup;
			children = (
				AB8FDC6526308F7F00279E95 /* ItemTapGesture.swift */,
			);
			path = Classes;
			sourceTree = "<group>";
		};
		ABF30F2B2628A6D5008CD8FA /* Main */ = {
			isa = PBXGroup;
			children = (
				AB1D453F26249C460080310E /* MainVC.swift */,
				ABF30F2C2628A6FF008CD8FA /* AddReminderVC.swift */,
				ABF30F302628A70C008CD8FA /* AddListVC.swift */,
			);
			path = Main;
			sourceTree = "<group>";
		};
		ABF30F332628A817008CD8FA /* Main */ = {
			isa = PBXGroup;
			children = (
				AB8FDC5B2630493800279E95 /* MainListCell.swift */,
				AB87C81A262EC81300BA0AFA /* MainMenuCell.swift */,
			);
			path = Main;
			sourceTree = "<group>";
		};
/* End PBXGroup section */

/* Begin PBXNativeTarget section */
		AB1D453726249C460080310E /* reminder-iOS-clone */ = {
			isa = PBXNativeTarget;
			buildConfigurationList = AB1D454C26249C470080310E /* Build configuration list for PBXNativeTarget "reminder-iOS-clone" */;
			buildPhases = (
				AB1D453426249C460080310E /* Sources */,
				AB1D453526249C460080310E /* Frameworks */,
				AB1D453626249C460080310E /* Resources */,
			);
			buildRules = (
			);
			dependencies = (
			);
			name = "reminder-iOS-clone";
			productName = "reminder-iOS-clone";
			productReference = AB1D453826249C460080310E /* reminder-iOS-clone.app */;
			productType = "com.apple.product-type.application";
		};
/* End PBXNativeTarget section */

/* Begin PBXProject section */
		AB1D453026249C460080310E /* Project object */ = {
			isa = PBXProject;
			attributes = {
				LastSwiftUpdateCheck = 1240;
				LastUpgradeCheck = 1240;
				TargetAttributes = {
					AB1D453726249C460080310E = {
						CreatedOnToolsVersion = 12.4;
					};
				};
			};
			buildConfigurationList = AB1D453326249C460080310E /* Build configuration list for PBXProject "reminder-iOS-clone" */;
			compatibilityVersion = "Xcode 9.3";
			developmentRegion = en;
			hasScannedForEncodings = 0;
			knownRegions = (
				en,
				Base,
			);
			mainGroup = AB1D452F26249C460080310E;
			productRefGroup = AB1D453926249C460080310E /* Products */;
			projectDirPath = "";
			projectRoot = "";
			targets = (
				AB1D453726249C460080310E /* reminder-iOS-clone */,
			);
		};
/* End PBXProject section */

/* Begin PBXResourcesBuildPhase section */
		AB1D453626249C460080310E /* Resources */ = {
			isa = PBXResourcesBuildPhase;
			buildActionMask = 2147483647;
			files = (
				AB1D454826249C470080310E /* LaunchScreen.storyboard in Resources */,
				AB1D454526249C470080310E /* Assets.xcassets in Resources */,
				AB1D454326249C460080310E /* Main.storyboard in Resources */,
				AB87C81D262EC81300BA0AFA /* MainMenuCell.xib in Resources */,
				AB8FDC5E2630493800279E95 /* MainListCell.xib in Resources */,
				AB87C82F262F492300BA0AFA /* MenuItemView.xib in Resources */,
			);
			runOnlyForDeploymentPostprocessing = 0;
		};
/* End PBXResourcesBuildPhase section */

/* Begin PBXSourcesBuildPhase section */
		AB1D453426249C460080310E /* Sources */ = {
			isa = PBXSourcesBuildPhase;
			buildActionMask = 2147483647;
			files = (
				AB87C826262ECA1500BA0AFA /* Group.swift in Sources */,
				ABF30F312628A70C008CD8FA /* AddListVC.swift in Sources */,
				AB1D454026249C460080310E /* MainVC.swift in Sources */,
				AB8FDC5D2630493800279E95 /* MainListCell.swift in Sources */,
				AB1D453C26249C460080310E /* AppDelegate.swift in Sources */,
				AB87C81C262EC81300BA0AFA /* MainMenuCell.swift in Sources */,
				AB87C821262EC9DB00BA0AFA /* MainMenu.swift in Sources */,
				AB1D455826249E080080310E /* UIView+Extensions.swift in Sources */,
				AB1D453E26249C460080310E /* SceneDelegate.swift in Sources */,
				AB87C834262F49AD00BA0AFA /* MenuItemView.swift in Sources */,
				AB8FDC6626308F7F00279E95 /* ItemTapGesture.swift in Sources */,
				ABF30F2D2628A6FF008CD8FA /* AddReminderVC.swift in Sources */,
				AB87C82C262F442700BA0AFA /* UIButton+Extensions.swift in Sources */,
				AB87C829262ECA4900BA0AFA /* Todo.swift in Sources */,
			);
			runOnlyForDeploymentPostprocessing = 0;
		};
/* End PBXSourcesBuildPhase section */

/* Begin PBXVariantGroup section */
		AB1D454126249C460080310E /* Main.storyboard */ = {
			isa = PBXVariantGroup;
			children = (
				AB1D454226249C460080310E /* Base */,
			);
			name = Main.storyboard;
			sourceTree = "<group>";
		};
		AB1D454626249C470080310E /* LaunchScreen.storyboard */ = {
			isa = PBXVariantGroup;
			children = (
				AB1D454726249C470080310E /* Base */,
			);
			name = LaunchScreen.storyboard;
			sourceTree = "<group>";
		};
/* End PBXVariantGroup section */

/* Begin XCBuildConfiguration section */
		AB1D454A26249C470080310E /* Debug */ = {
			isa = XCBuildConfiguration;
			buildSettings = {
				ALWAYS_SEARCH_USER_PATHS = NO;
				CLANG_ANALYZER_NONNULL = YES;
				CLANG_ANALYZER_NUMBER_OBJECT_CONVERSION = YES_AGGRESSIVE;
				CLANG_CXX_LANGUAGE_STANDARD = "gnu++14";
				CLANG_CXX_LIBRARY = "libc++";
				CLANG_ENABLE_MODULES = YES;
				CLANG_ENABLE_OBJC_ARC = YES;
				CLANG_ENABLE_OBJC_WEAK = YES;
				CLANG_WARN_BLOCK_CAPTURE_AUTORELEASING = YES;
				CLANG_WARN_BOOL_CONVERSION = YES;
				CLANG_WARN_COMMA = YES;
				CLANG_WARN_CONSTANT_CONVERSION = YES;
				CLANG_WARN_DEPRECATED_OBJC_IMPLEMENTATIONS = YES;
				CLANG_WARN_DIRECT_OBJC_ISA_USAGE = YES_ERROR;
				CLANG_WARN_DOCUMENTATION_COMMENTS = YES;
				CLANG_WARN_EMPTY_BODY = YES;
				CLANG_WARN_ENUM_CONVERSION = YES;
				CLANG_WARN_INFINITE_RECURSION = YES;
				CLANG_WARN_INT_CONVERSION = YES;
				CLANG_WARN_NON_LITERAL_NULL_CONVERSION = YES;
				CLANG_WARN_OBJC_IMPLICIT_RETAIN_SELF = YES;
				CLANG_WARN_OBJC_LITERAL_CONVERSION = YES;
				CLANG_WARN_OBJC_ROOT_CLASS = YES_ERROR;
				CLANG_WARN_QUOTED_INCLUDE_IN_FRAMEWORK_HEADER = YES;
				CLANG_WARN_RANGE_LOOP_ANALYSIS = YES;
				CLANG_WARN_STRICT_PROTOTYPES = YES;
				CLANG_WARN_SUSPICIOUS_MOVE = YES;
				CLANG_WARN_UNGUARDED_AVAILABILITY = YES_AGGRESSIVE;
				CLANG_WARN_UNREACHABLE_CODE = YES;
				CLANG_WARN__DUPLICATE_METHOD_MATCH = YES;
				COPY_PHASE_STRIP = NO;
				DEBUG_INFORMATION_FORMAT = dwarf;
				ENABLE_STRICT_OBJC_MSGSEND = YES;
				ENABLE_TESTABILITY = YES;
				GCC_C_LANGUAGE_STANDARD = gnu11;
				GCC_DYNAMIC_NO_PIC = NO;
				GCC_NO_COMMON_BLOCKS = YES;
				GCC_OPTIMIZATION_LEVEL = 0;
				GCC_PREPROCESSOR_DEFINITIONS = (
					"DEBUG=1",
					"$(inherited)",
				);
				GCC_WARN_64_TO_32_BIT_CONVERSION = YES;
				GCC_WARN_ABOUT_RETURN_TYPE = YES_ERROR;
				GCC_WARN_UNDECLARED_SELECTOR = YES;
				GCC_WARN_UNINITIALIZED_AUTOS = YES_AGGRESSIVE;
				GCC_WARN_UNUSED_FUNCTION = YES;
				GCC_WARN_UNUSED_VARIABLE = YES;
				IPHONEOS_DEPLOYMENT_TARGET = 14.4;
				MTL_ENABLE_DEBUG_INFO = INCLUDE_SOURCE;
				MTL_FAST_MATH = YES;
				ONLY_ACTIVE_ARCH = YES;
				SDKROOT = iphoneos;
				SWIFT_ACTIVE_COMPILATION_CONDITIONS = DEBUG;
				SWIFT_OPTIMIZATION_LEVEL = "-Onone";
			};
			name = Debug;
		};
		AB1D454B26249C470080310E /* Release */ = {
			isa = XCBuildConfiguration;
			buildSettings = {
				ALWAYS_SEARCH_USER_PATHS = NO;
				CLANG_ANALYZER_NONNULL = YES;
				CLANG_ANALYZER_NUMBER_OBJECT_CONVERSION = YES_AGGRESSIVE;
				CLANG_CXX_LANGUAGE_STANDARD = "gnu++14";
				CLANG_CXX_LIBRARY = "libc++";
				CLANG_ENABLE_MODULES = YES;
				CLANG_ENABLE_OBJC_ARC = YES;
				CLANG_ENABLE_OBJC_WEAK = YES;
				CLANG_WARN_BLOCK_CAPTURE_AUTORELEASING = YES;
				CLANG_WARN_BOOL_CONVERSION = YES;
				CLANG_WARN_COMMA = YES;
				CLANG_WARN_CONSTANT_CONVERSION = YES;
				CLANG_WARN_DEPRECATED_OBJC_IMPLEMENTATIONS = YES;
				CLANG_WARN_DIRECT_OBJC_ISA_USAGE = YES_ERROR;
				CLANG_WARN_DOCUMENTATION_COMMENTS = YES;
				CLANG_WARN_EMPTY_BODY = YES;
				CLANG_WARN_ENUM_CONVERSION = YES;
				CLANG_WARN_INFINITE_RECURSION = YES;
				CLANG_WARN_INT_CONVERSION = YES;
				CLANG_WARN_NON_LITERAL_NULL_CONVERSION = YES;
				CLANG_WARN_OBJC_IMPLICIT_RETAIN_SELF = YES;
				CLANG_WARN_OBJC_LITERAL_CONVERSION = YES;
				CLANG_WARN_OBJC_ROOT_CLASS = YES_ERROR;
				CLANG_WARN_QUOTED_INCLUDE_IN_FRAMEWORK_HEADER = YES;
				CLANG_WARN_RANGE_LOOP_ANALYSIS = YES;
				CLANG_WARN_STRICT_PROTOTYPES = YES;
				CLANG_WARN_SUSPICIOUS_MOVE = YES;
				CLANG_WARN_UNGUARDED_AVAILABILITY = YES_AGGRESSIVE;
				CLANG_WARN_UNREACHABLE_CODE = YES;
				CLANG_WARN__DUPLICATE_METHOD_MATCH = YES;
				COPY_PHASE_STRIP = NO;
				DEBUG_INFORMATION_FORMAT = "dwarf-with-dsym";
				ENABLE_NS_ASSERTIONS = NO;
				ENABLE_STRICT_OBJC_MSGSEND = YES;
				GCC_C_LANGUAGE_STANDARD = gnu11;
				GCC_NO_COMMON_BLOCKS = YES;
				GCC_WARN_64_TO_32_BIT_CONVERSION = YES;
				GCC_WARN_ABOUT_RETURN_TYPE = YES_ERROR;
				GCC_WARN_UNDECLARED_SELECTOR = YES;
				GCC_WARN_UNINITIALIZED_AUTOS = YES_AGGRESSIVE;
				GCC_WARN_UNUSED_FUNCTION = YES;
				GCC_WARN_UNUSED_VARIABLE = YES;
				IPHONEOS_DEPLOYMENT_TARGET = 14.4;
				MTL_ENABLE_DEBUG_INFO = NO;
				MTL_FAST_MATH = YES;
				SDKROOT = iphoneos;
				SWIFT_COMPILATION_MODE = wholemodule;
				SWIFT_OPTIMIZATION_LEVEL = "-O";
				VALIDATE_PRODUCT = YES;
			};
			name = Release;
		};
		AB1D454D26249C470080310E /* Debug */ = {
			isa = XCBuildConfiguration;
			buildSettings = {
				ASSETCATALOG_COMPILER_APPICON_NAME = AppIcon;
				ASSETCATALOG_COMPILER_GLOBAL_ACCENT_COLOR_NAME = AccentColor;
				CODE_SIGN_STYLE = Automatic;
				DEVELOPMENT_TEAM = G7SD8523Y3;
				INFOPLIST_FILE = "reminder-iOS-clone/Info.plist";
				LD_RUNPATH_SEARCH_PATHS = (
					"$(inherited)",
					"@executable_path/Frameworks",
				);
				PRODUCT_BUNDLE_IDENTIFIER = "inaelee.reminder-iOS-clone";
				PRODUCT_NAME = "$(TARGET_NAME)";
				SWIFT_VERSION = 5.0;
				TARGETED_DEVICE_FAMILY = "1,2";
			};
			name = Debug;
		};
		AB1D454E26249C470080310E /* Release */ = {
			isa = XCBuildConfiguration;
			buildSettings = {
				ASSETCATALOG_COMPILER_APPICON_NAME = AppIcon;
				ASSETCATALOG_COMPILER_GLOBAL_ACCENT_COLOR_NAME = AccentColor;
				CODE_SIGN_STYLE = Automatic;
				DEVELOPMENT_TEAM = G7SD8523Y3;
				INFOPLIST_FILE = "reminder-iOS-clone/Info.plist";
				LD_RUNPATH_SEARCH_PATHS = (
					"$(inherited)",
					"@executable_path/Frameworks",
				);
				PRODUCT_BUNDLE_IDENTIFIER = "inaelee.reminder-iOS-clone";
				PRODUCT_NAME = "$(TARGET_NAME)";
				SWIFT_VERSION = 5.0;
				TARGETED_DEVICE_FAMILY = "1,2";
			};
			name = Release;
		};
/* End XCBuildConfiguration section */

/* Begin XCConfigurationList section */
		AB1D453326249C460080310E /* Build configuration list for PBXProject "reminder-iOS-clone" */ = {
			isa = XCConfigurationList;
			buildConfigurations = (
				AB1D454A26249C470080310E /* Debug */,
				AB1D454B26249C470080310E /* Release */,
			);
			defaultConfigurationIsVisible = 0;
			defaultConfigurationName = Release;
		};
		AB1D454C26249C470080310E /* Build configuration list for PBXNativeTarget "reminder-iOS-clone" */ = {
			isa = XCConfigurationList;
			buildConfigurations = (
				AB1D454D26249C470080310E /* Debug */,
				AB1D454E26249C470080310E /* Release */,
			);
			defaultConfigurationIsVisible = 0;
			defaultConfigurationName = Release;
		};
/* End XCConfigurationList section */
	};
	rootObject = AB1D453026249C460080310E /* Project object */;
}
