PODS:
  - Realm (10.7.6):
    - Realm/Headers (= 10.7.6)
  - Realm/Headers (10.7.6)
  - RealmSwift (10.7.6):
    - Realm (= 10.7.6)
  - SnapKit (5.0.1)

DEPENDENCIES:
  - RealmSwift (= 10.7.6)
  - SnapKit (~> 5.0.0)

SPEC REPOS:
  trunk:
    - Realm
    - RealmSwift
    - SnapKit

SPEC CHECKSUMS:
  Realm: ed860452717c8db8f4bf832b6807f7f2ce708839
  RealmSwift: e31c4ddbcc42ac879313d656b86f9ca539f6f4f4
  SnapKit: 97b92857e3df3a0c71833cce143274bf6ef8e5eb

PODFILE CHECKSUM: e842ff3cea055536c03c35d0a617df56a0bb8597

COCOAPODS: 1.10.0
