// !$*UTF8*$!
{
	archiveVersion = 1;
	classes = {
	};
	objectVersion = 51;
	objects = {

/* Begin PBXBuildFile section */
		AB92302B264C0C5D00F0036A /* String+Extension.swift in Sources */ = {isa = PBXBuildFile; fileRef = AB92302A264C0C5D00F0036A /* String+Extension.swift */; };
		AB923032264C229300F0036A /* UIImage+Extension.swift in Sources */ = {isa = PBXBuildFile; fileRef = AB923031264C229300F0036A /* UIImage+Extension.swift */; };
		ABAACCFE264AB3440042C48F /* MovieChartTVC.swift in Sources */ = {isa = PBXBuildFile; fileRef = ABAACCFC264AB3440042C48F /* MovieChartTVC.swift */; };
		ABAACD02264AB4EB0042C48F /* UIFont+Extension.swift in Sources */ = {isa = PBXBuildFile; fileRef = ABAACD01264AB4EB0042C48F /* UIFont+Extension.swift */; };
		ABAACD0A264ABD330042C48F /* UIColor+Extension.swift in Sources */ = {isa = PBXBuildFile; fileRef = ABAACD09264ABD330042C48F /* UIColor+Extension.swift */; };
		ABAACD18264B05220042C48F /* Date+Extension.swift in Sources */ = {isa = PBXBuildFile; fileRef = ABAACD17264B05220042C48F /* Date+Extension.swift */; };
		ABCFBADC26498471003BF2B6 /* UIView+Extension.swift in Sources */ = {isa = PBXBuildFile; fileRef = ABCFBADB26498471003BF2B6 /* UIView+Extension.swift */; };
		ABCFBAE226499FE2003BF2B6 /* Movie.swift in Sources */ = {isa = PBXBuildFile; fileRef = ABCFBAE126499FE2003BF2B6 /* Movie.swift */; };
		ABCFBAE52649A106003BF2B6 /* NetworkResponse.swift in Sources */ = {isa = PBXBuildFile; fileRef = ABCFBAE42649A106003BF2B6 /* NetworkResponse.swift */; };
		ABCFBAE82649A882003BF2B6 /* MovieService.swift in Sources */ = {isa = PBXBuildFile; fileRef = ABCFBAE72649A882003BF2B6 /* MovieService.swift */; };
		ABD2F18F26484E380019BCED /* AppDelegate.swift in Sources */ = {isa = PBXBuildFile; fileRef = ABD2F18E26484E380019BCED /* AppDelegate.swift */; };
		ABD2F19126484E380019BCED /* SceneDelegate.swift in Sources */ = {isa = PBXBuildFile; fileRef = ABD2F19026484E380019BCED /* SceneDelegate.swift */; };
		ABD2F19326484E380019BCED /* MainVC.swift in Sources */ = {isa = PBXBuildFile; fileRef = ABD2F19226484E380019BCED /* MainVC.swift */; };
		ABD2F19826484E3A0019BCED /* Assets.xcassets in Resources */ = {isa = PBXBuildFile; fileRef = ABD2F19726484E3A0019BCED /* Assets.xcassets */; };
		ABD2F19B26484E3A0019BCED /* LaunchScreen.storyboard in Resources */ = {isa = PBXBuildFile; fileRef = ABD2F19926484E3A0019BCED /* LaunchScreen.storyboard */; };
		ABD2F1A8264850880019BCED /* MoreMovieChartVC.swift in Sources */ = {isa = PBXBuildFile; fileRef = ABD2F1A7264850880019BCED /* MoreMovieChartVC.swift */; };
		E61ED452B2D5C38E70976D8D /* Pods_cgv_iOS_clone.framework in Frameworks */ = {isa = PBXBuildFile; fileRef = 4DD78B6409211CA4537D38DE /* Pods_cgv_iOS_clone.framework */; };
/* End PBXBuildFile section */

/* Begin PBXFileReference section */
		3CE3C13488DA8B6A2962932C /* Pods-cgv-iOS-clone.release.xcconfig */ = {isa = PBXFileReference; includeInIndex = 1; lastKnownFileType = text.xcconfig; name = "Pods-cgv-iOS-clone.release.xcconfig"; path = "Target Support Files/Pods-cgv-iOS-clone/Pods-cgv-iOS-clone.release.xcconfig"; sourceTree = "<group>"; };
		4DD78B6409211CA4537D38DE /* Pods_cgv_iOS_clone.framework */ = {isa = PBXFileReference; explicitFileType = wrapper.framework; includeInIndex = 0; path = Pods_cgv_iOS_clone.framework; sourceTree = BUILT_PRODUCTS_DIR; };
		615042BEB77665631B5B697E /* Pods-cgv-iOS-clone.debug.xcconfig */ = {isa = PBXFileReference; includeInIndex = 1; lastKnownFileType = text.xcconfig; name = "Pods-cgv-iOS-clone.debug.xcconfig"; path = "Target Support Files/Pods-cgv-iOS-clone/Pods-cgv-iOS-clone.debug.xcconfig"; sourceTree = "<group>"; };
		AB92302A264C0C5D00F0036A /* String+Extension.swift */ = {isa = PBXFileReference; lastKnownFileType = sourcecode.swift; path = "String+Extension.swift"; sourceTree = "<group>"; };
		AB923031264C229300F0036A /* UIImage+Extension.swift */ = {isa = PBXFileReference; lastKnownFileType = sourcecode.swift; path = "UIImage+Extension.swift"; sourceTree = "<group>"; };
		ABAACCFC264AB3440042C48F /* MovieChartTVC.swift */ = {isa = PBXFileReference; lastKnownFileType = sourcecode.swift; path = MovieChartTVC.swift; sourceTree = "<group>"; };
		ABAACD01264AB4EB0042C48F /* UIFont+Extension.swift */ = {isa = PBXFileReference; lastKnownFileType = sourcecode.swift; path = "UIFont+Extension.swift"; sourceTree = "<group>"; };
		ABAACD09264ABD330042C48F /* UIColor+Extension.swift */ = {isa = PBXFileReference; lastKnownFileType = sourcecode.swift; path = "UIColor+Extension.swift"; sourceTree = "<group>"; };
		ABAACD17264B05220042C48F /* Date+Extension.swift */ = {isa = PBXFileReference; lastKnownFileType = sourcecode.swift; path = "Date+Extension.swift"; sourceTree = "<group>"; };
		ABCFBADB26498471003BF2B6 /* UIView+Extension.swift */ = {isa = PBXFileReference; lastKnownFileType = sourcecode.swift; path = "UIView+Extension.swift"; sourceTree = "<group>"; };
		ABCFBAE126499FE2003BF2B6 /* Movie.swift */ = {isa = PBXFileReference; lastKnownFileType = sourcecode.swift; path = Movie.swift; sourceTree = "<group>"; };
		ABCFBAE42649A106003BF2B6 /* NetworkResponse.swift */ = {isa = PBXFileReference; lastKnownFileType = sourcecode.swift; path = NetworkResponse.swift; sourceTree = "<group>"; };
		ABCFBAE72649A882003BF2B6 /* MovieService.swift */ = {isa = PBXFileReference; lastKnownFileType = sourcecode.swift; path = MovieService.swift; sourceTree = "<group>"; };
		ABD2F18B26484E380019BCED /* cgv-iOS-clone.app */ = {isa = PBXFileReference; explicitFileType = wrapper.application; includeInIndex = 0; path = "cgv-iOS-clone.app"; sourceTree = BUILT_PRODUCTS_DIR; };
		ABD2F18E26484E380019BCED /* AppDelegate.swift */ = {isa = PBXFileReference; lastKnownFileType = sourcecode.swift; path = AppDelegate.swift; sourceTree = "<group>"; };
		ABD2F19026484E380019BCED /* SceneDelegate.swift */ = {isa = PBXFileReference; lastKnownFileType = sourcecode.swift; path = SceneDelegate.swift; sourceTree = "<group>"; };
		ABD2F19226484E380019BCED /* MainVC.swift */ = {isa = PBXFileReference; lastKnownFileType = sourcecode.swift; path = MainVC.swift; sourceTree = "<group>"; };
		ABD2F19726484E3A0019BCED /* Assets.xcassets */ = {isa = PBXFileReference; lastKnownFileType = folder.assetcatalog; path = Assets.xcassets; sourceTree = "<group>"; };
		ABD2F19A26484E3A0019BCED /* Base */ = {isa = PBXFileReference; lastKnownFileType = file.storyboard; name = Base; path = Base.lproj/LaunchScreen.storyboard; sourceTree = "<group>"; };
		ABD2F19C26484E3A0019BCED /* Info.plist */ = {isa = PBXFileReference; lastKnownFileType = text.plist.xml; path = Info.plist; sourceTree = "<group>"; };
		ABD2F1A7264850880019BCED /* MoreMovieChartVC.swift */ = {isa = PBXFileReference; lastKnownFileType = sourcecode.swift; path = MoreMovieChartVC.swift; sourceTree = "<group>"; };
/* End PBXFileReference section */

/* Begin PBXFrameworksBuildPhase section */
		ABD2F18826484E380019BCED /* Frameworks */ = {
			isa = PBXFrameworksBuildPhase;
			buildActionMask = 2147483647;
			files = (
				E61ED452B2D5C38E70976D8D /* Pods_cgv_iOS_clone.framework in Frameworks */,
			);
			runOnlyForDeploymentPostprocessing = 0;
		};
/* End PBXFrameworksBuildPhase section */

/* Begin PBXGroup section */
		56F3AA5BA10EA8380C375C36 /* Pods */ = {
			isa = PBXGroup;
			children = (
				615042BEB77665631B5B697E /* Pods-cgv-iOS-clone.debug.xcconfig */,
				3CE3C13488DA8B6A2962932C /* Pods-cgv-iOS-clone.release.xcconfig */,
			);
			path = Pods;
			sourceTree = "<group>";
		};
		ABCFBADA26498445003BF2B6 /* Extentsion */ = {
			isa = PBXGroup;
			children = (
				ABCFBADB26498471003BF2B6 /* UIView+Extension.swift */,
				ABAACD01264AB4EB0042C48F /* UIFont+Extension.swift */,
				ABAACD09264ABD330042C48F /* UIColor+Extension.swift */,
				ABAACD17264B05220042C48F /* Date+Extension.swift */,
				AB92302A264C0C5D00F0036A /* String+Extension.swift */,
				AB923031264C229300F0036A /* UIImage+Extension.swift */,
			);
			path = Extentsion;
			sourceTree = "<group>";
		};
		ABCFBADF26499E1C003BF2B6 /* Cell */ = {
			isa = PBXGroup;
			children = (
				ABAACCFC264AB3440042C48F /* MovieChartTVC.swift */,
			);
			path = Cell;
			sourceTree = "<group>";
		};
		ABCFBAE026499FD6003BF2B6 /* Model */ = {
			isa = PBXGroup;
			children = (
				ABCFBAE126499FE2003BF2B6 /* Movie.swift */,
			);
			path = Model;
			sourceTree = "<group>";
		};
		ABD2F18226484E380019BCED = {
			isa = PBXGroup;
			children = (
				ABD2F18D26484E380019BCED /* cgv-iOS-clone */,
				ABD2F18C26484E380019BCED /* Products */,
				56F3AA5BA10EA8380C375C36 /* Pods */,
				E18FD53B780F8532F3D9235F /* Frameworks */,
			);
			sourceTree = "<group>";
		};
		ABD2F18C26484E380019BCED /* Products */ = {
			isa = PBXGroup;
			children = (
				ABD2F18B26484E380019BCED /* cgv-iOS-clone.app */,
			);
			name = Products;
			sourceTree = "<group>";
		};
		ABD2F18D26484E380019BCED /* cgv-iOS-clone */ = {
			isa = PBXGroup;
			children = (
				ABCFBADA26498445003BF2B6 /* Extentsion */,
				ABD2F1AC26485C820019BCED /* Network */,
				ABD2F1A426484E5D0019BCED /* MovieChart */,
				ABD2F1A326484E530019BCED /* Main */,
				ABD2F18E26484E380019BCED /* AppDelegate.swift */,
				ABD2F19026484E380019BCED /* SceneDelegate.swift */,
				ABD2F19726484E3A0019BCED /* Assets.xcassets */,
				ABD2F19926484E3A0019BCED /* LaunchScreen.storyboard */,
				ABD2F19C26484E3A0019BCED /* Info.plist */,
			);
			path = "cgv-iOS-clone";
			sourceTree = "<group>";
		};
		ABD2F1A326484E530019BCED /* Main */ = {
			isa = PBXGroup;
			children = (
				ABD2F19226484E380019BCED /* MainVC.swift */,
			);
			path = Main;
			sourceTree = "<group>";
		};
		ABD2F1A426484E5D0019BCED /* MovieChart */ = {
			isa = PBXGroup;
			children = (
				ABCFBAE026499FD6003BF2B6 /* Model */,
				ABCFBADF26499E1C003BF2B6 /* Cell */,
				ABD2F1A7264850880019BCED /* MoreMovieChartVC.swift */,
			);
			path = MovieChart;
			sourceTree = "<group>";
		};
		ABD2F1AC26485C820019BCED /* Network */ = {
			isa = PBXGroup;
			children = (
				ABCFBAE42649A106003BF2B6 /* NetworkResponse.swift */,
				ABCFBAE72649A882003BF2B6 /* MovieService.swift */,
			);
			path = Network;
			sourceTree = "<group>";
		};
		E18FD53B780F8532F3D9235F /* Frameworks */ = {
			isa = PBXGroup;
			children = (
				4DD78B6409211CA4537D38DE /* Pods_cgv_iOS_clone.framework */,
			);
			name = Frameworks;
			sourceTree = "<group>";
		};
/* End PBXGroup section */

/* Begin PBXNativeTarget section */
		ABD2F18A26484E380019BCED /* cgv-iOS-clone */ = {
			isa = PBXNativeTarget;
			buildConfigurationList = ABD2F19F26484E3A0019BCED /* Build configuration list for PBXNativeTarget "cgv-iOS-clone" */;
			buildPhases = (
				D692CECF9C0D03CCF69A2DDC /* [CP] Check Pods Manifest.lock */,
				ABD2F18726484E380019BCED /* Sources */,
				ABD2F18826484E380019BCED /* Frameworks */,
				ABD2F18926484E380019BCED /* Resources */,
				14B9DCF41933C4F745EB750F /* [CP] Embed Pods Frameworks */,
			);
			buildRules = (
			);
			dependencies = (
			);
			name = "cgv-iOS-clone";
			productName = "cgv-iOS-clone";
			productReference = ABD2F18B26484E380019BCED /* cgv-iOS-clone.app */;
			productType = "com.apple.product-type.application";
		};
/* End PBXNativeTarget section */

/* Begin PBXProject section */
		ABD2F18326484E380019BCED /* Project object */ = {
			isa = PBXProject;
			attributes = {
				LastSwiftUpdateCheck = 1240;
				LastUpgradeCheck = 1240;
				TargetAttributes = {
					ABD2F18A26484E380019BCED = {
						CreatedOnToolsVersion = 12.4;
					};
				};
			};
			buildConfigurationList = ABD2F18626484E380019BCED /* Build configuration list for PBXProject "cgv-iOS-clone" */;
			compatibilityVersion = "Xcode 9.3";
			developmentRegion = en;
			hasScannedForEncodings = 0;
			knownRegions = (
				en,
				Base,
			);
			mainGroup = ABD2F18226484E380019BCED;
			productRefGroup = ABD2F18C26484E380019BCED /* Products */;
			projectDirPath = "";
			projectRoot = "";
			targets = (
				ABD2F18A26484E380019BCED /* cgv-iOS-clone */,
			);
		};
/* End PBXProject section */

/* Begin PBXResourcesBuildPhase section */
		ABD2F18926484E380019BCED /* Resources */ = {
			isa = PBXResourcesBuildPhase;
			buildActionMask = 2147483647;
			files = (
				ABD2F19B26484E3A0019BCED /* LaunchScreen.storyboard in Resources */,
				ABD2F19826484E3A0019BCED /* Assets.xcassets in Resources */,
			);
			runOnlyForDeploymentPostprocessing = 0;
		};
/* End PBXResourcesBuildPhase section */

/* Begin PBXShellScriptBuildPhase section */
		14B9DCF41933C4F745EB750F /* [CP] Embed Pods Frameworks */ = {
			isa = PBXShellScriptBuildPhase;
			buildActionMask = 2147483647;
			files = (
			);
			inputFileListPaths = (
				"${PODS_ROOT}/Target Support Files/Pods-cgv-iOS-clone/Pods-cgv-iOS-clone-frameworks-${CONFIGURATION}-input-files.xcfilelist",
			);
			name = "[CP] Embed Pods Frameworks";
			outputFileListPaths = (
				"${PODS_ROOT}/Target Support Files/Pods-cgv-iOS-clone/Pods-cgv-iOS-clone-frameworks-${CONFIGURATION}-output-files.xcfilelist",
			);
			runOnlyForDeploymentPostprocessing = 0;
			shellPath = /bin/sh;
			shellScript = "\"${PODS_ROOT}/Target Support Files/Pods-cgv-iOS-clone/Pods-cgv-iOS-clone-frameworks.sh\"\n";
			showEnvVarsInLog = 0;
		};
		D692CECF9C0D03CCF69A2DDC /* [CP] Check Pods Manifest.lock */ = {
			isa = PBXShellScriptBuildPhase;
			buildActionMask = 2147483647;
			files = (
			);
			inputFileListPaths = (
			);
			inputPaths = (
				"${PODS_PODFILE_DIR_PATH}/Podfile.lock",
				"${PODS_ROOT}/Manifest.lock",
			);
			name = "[CP] Check Pods Manifest.lock";
			outputFileListPaths = (
			);
			outputPaths = (
				"$(DERIVED_FILE_DIR)/Pods-cgv-iOS-clone-checkManifestLockResult.txt",
			);
			runOnlyForDeploymentPostprocessing = 0;
			shellPath = /bin/sh;
			shellScript = "diff \"${PODS_PODFILE_DIR_PATH}/Podfile.lock\" \"${PODS_ROOT}/Manifest.lock\" > /dev/null\nif [ $? != 0 ] ; then\n    # print error to STDERR\n    echo \"error: The sandbox is not in sync with the Podfile.lock. Run 'pod install' or update your CocoaPods installation.\" >&2\n    exit 1\nfi\n# This output is used by Xcode 'outputs' to avoid re-running this script phase.\necho \"SUCCESS\" > \"${SCRIPT_OUTPUT_FILE_0}\"\n";
			showEnvVarsInLog = 0;
		};
/* End PBXShellScriptBuildPhase section */

/* Begin PBXSourcesBuildPhase section */
		ABD2F18726484E380019BCED /* Sources */ = {
			isa = PBXSourcesBuildPhase;
			buildActionMask = 2147483647;
			files = (
				ABD2F19326484E380019BCED /* MainVC.swift in Sources */,
				AB923032264C229300F0036A /* UIImage+Extension.swift in Sources */,
				ABD2F18F26484E380019BCED /* AppDelegate.swift in Sources */,
				ABCFBAE52649A106003BF2B6 /* NetworkResponse.swift in Sources */,
				ABAACD0A264ABD330042C48F /* UIColor+Extension.swift in Sources */,
				ABCFBAE226499FE2003BF2B6 /* Movie.swift in Sources */,
				ABAACD18264B05220042C48F /* Date+Extension.swift in Sources */,
				AB92302B264C0C5D00F0036A /* String+Extension.swift in Sources */,
				ABD2F19126484E380019BCED /* SceneDelegate.swift in Sources */,
				ABCFBADC26498471003BF2B6 /* UIView+Extension.swift in Sources */,
				ABCFBAE82649A882003BF2B6 /* MovieService.swift in Sources */,
				ABD2F1A8264850880019BCED /* MoreMovieChartVC.swift in Sources */,
				ABAACD02264AB4EB0042C48F /* UIFont+Extension.swift in Sources */,
				ABAACCFE264AB3440042C48F /* MovieChartTVC.swift in Sources */,
			);
			runOnlyForDeploymentPostprocessing = 0;
		};
/* End PBXSourcesBuildPhase section */

/* Begin PBXVariantGroup section */
		ABD2F19926484E3A0019BCED /* LaunchScreen.storyboard */ = {
			isa = PBXVariantGroup;
			children = (
				ABD2F19A26484E3A0019BCED /* Base */,
			);
			name = LaunchScreen.storyboard;
			sourceTree = "<group>";
		};
/* End PBXVariantGroup section */

/* Begin XCBuildConfiguration section */
		ABD2F19D26484E3A0019BCED /* Debug */ = {
			isa = XCBuildConfiguration;
			buildSettings = {
				ALWAYS_SEARCH_USER_PATHS = NO;
				CLANG_ANALYZER_NONNULL = YES;
				CLANG_ANALYZER_NUMBER_OBJECT_CONVERSION = YES_AGGRESSIVE;
				CLANG_CXX_LANGUAGE_STANDARD = "gnu++14";
				CLANG_CXX_LIBRARY = "libc++";
				CLANG_ENABLE_MODULES = YES;
				CLANG_ENABLE_OBJC_ARC = YES;
				CLANG_ENABLE_OBJC_WEAK = YES;
				CLANG_WARN_BLOCK_CAPTURE_AUTORELEASING = YES;
				CLANG_WARN_BOOL_CONVERSION = YES;
				CLANG_WARN_COMMA = YES;
				CLANG_WARN_CONSTANT_CONVERSION = YES;
				CLANG_WARN_DEPRECATED_OBJC_IMPLEMENTATIONS = YES;
				CLANG_WARN_DIRECT_OBJC_ISA_USAGE = YES_ERROR;
				CLANG_WARN_DOCUMENTATION_COMMENTS = YES;
				CLANG_WARN_EMPTY_BODY = YES;
				CLANG_WARN_ENUM_CONVERSION = YES;
				CLANG_WARN_INFINITE_RECURSION = YES;
				CLANG_WARN_INT_CONVERSION = YES;
				CLANG_WARN_NON_LITERAL_NULL_CONVERSION = YES;
				CLANG_WARN_OBJC_IMPLICIT_RETAIN_SELF = YES;
				CLANG_WARN_OBJC_LITERAL_CONVERSION = YES;
				CLANG_WARN_OBJC_ROOT_CLASS = YES_ERROR;
				CLANG_WARN_QUOTED_INCLUDE_IN_FRAMEWORK_HEADER = YES;
				CLANG_WARN_RANGE_LOOP_ANALYSIS = YES;
				CLANG_WARN_STRICT_PROTOTYPES = YES;
				CLANG_WARN_SUSPICIOUS_MOVE = YES;
				CLANG_WARN_UNGUARDED_AVAILABILITY = YES_AGGRESSIVE;
				CLANG_WARN_UNREACHABLE_CODE = YES;
				CLANG_WARN__DUPLICATE_METHOD_MATCH = YES;
				COPY_PHASE_STRIP = NO;
				DEBUG_INFORMATION_FORMAT = dwarf;
				ENABLE_STRICT_OBJC_MSGSEND = YES;
				ENABLE_TESTABILITY = YES;
				GCC_C_LANGUAGE_STANDARD = gnu11;
				GCC_DYNAMIC_NO_PIC = NO;
				GCC_NO_COMMON_BLOCKS = YES;
				GCC_OPTIMIZATION_LEVEL = 0;
				GCC_PREPROCESSOR_DEFINITIONS = (
					"DEBUG=1",
					"$(inherited)",
				);
				GCC_WARN_64_TO_32_BIT_CONVERSION = YES;
				GCC_WARN_ABOUT_RETURN_TYPE = YES_ERROR;
				GCC_WARN_UNDECLARED_SELECTOR = YES;
				GCC_WARN_UNINITIALIZED_AUTOS = YES_AGGRESSIVE;
				GCC_WARN_UNUSED_FUNCTION = YES;
				GCC_WARN_UNUSED_VARIABLE = YES;
				IPHONEOS_DEPLOYMENT_TARGET = 14.4;
				MTL_ENABLE_DEBUG_INFO = INCLUDE_SOURCE;
				MTL_FAST_MATH = YES;
				ONLY_ACTIVE_ARCH = YES;
				SDKROOT = iphoneos;
				SWIFT_ACTIVE_COMPILATION_CONDITIONS = DEBUG;
				SWIFT_OPTIMIZATION_LEVEL = "-Onone";
			};
			name = Debug;
		};
		ABD2F19E26484E3A0019BCED /* Release */ = {
			isa = XCBuildConfiguration;
			buildSettings = {
				ALWAYS_SEARCH_USER_PATHS = NO;
				CLANG_ANALYZER_NONNULL = YES;
				CLANG_ANALYZER_NUMBER_OBJECT_CONVERSION = YES_AGGRESSIVE;
				CLANG_CXX_LANGUAGE_STANDARD = "gnu++14";
				CLANG_CXX_LIBRARY = "libc++";
				CLANG_ENABLE_MODULES = YES;
				CLANG_ENABLE_OBJC_ARC = YES;
				CLANG_ENABLE_OBJC_WEAK = YES;
				CLANG_WARN_BLOCK_CAPTURE_AUTORELEASING = YES;
				CLANG_WARN_BOOL_CONVERSION = YES;
				CLANG_WARN_COMMA = YES;
				CLANG_WARN_CONSTANT_CONVERSION = YES;
				CLANG_WARN_DEPRECATED_OBJC_IMPLEMENTATIONS = YES;
				CLANG_WARN_DIRECT_OBJC_ISA_USAGE = YES_ERROR;
				CLANG_WARN_DOCUMENTATION_COMMENTS = YES;
				CLANG_WARN_EMPTY_BODY = YES;
				CLANG_WARN_ENUM_CONVERSION = YES;
				CLANG_WARN_INFINITE_RECURSION = YES;
				CLANG_WARN_INT_CONVERSION = YES;
				CLANG_WARN_NON_LITERAL_NULL_CONVERSION = YES;
				CLANG_WARN_OBJC_IMPLICIT_RETAIN_SELF = YES;
				CLANG_WARN_OBJC_LITERAL_CONVERSION = YES;
				CLANG_WARN_OBJC_ROOT_CLASS = YES_ERROR;
				CLANG_WARN_QUOTED_INCLUDE_IN_FRAMEWORK_HEADER = YES;
				CLANG_WARN_RANGE_LOOP_ANALYSIS = YES;
				CLANG_WARN_STRICT_PROTOTYPES = YES;
				CLANG_WARN_SUSPICIOUS_MOVE = YES;
				CLANG_WARN_UNGUARDED_AVAILABILITY = YES_AGGRESSIVE;
				CLANG_WARN_UNREACHABLE_CODE = YES;
				CLANG_WARN__DUPLICATE_METHOD_MATCH = YES;
				COPY_PHASE_STRIP = NO;
				DEBUG_INFORMATION_FORMAT = "dwarf-with-dsym";
				ENABLE_NS_ASSERTIONS = NO;
				ENABLE_STRICT_OBJC_MSGSEND = YES;
				GCC_C_LANGUAGE_STANDARD = gnu11;
				GCC_NO_COMMON_BLOCKS = YES;
				GCC_WARN_64_TO_32_BIT_CONVERSION = YES;
				GCC_WARN_ABOUT_RETURN_TYPE = YES_ERROR;
				GCC_WARN_UNDECLARED_SELECTOR = YES;
				GCC_WARN_UNINITIALIZED_AUTOS = YES_AGGRESSIVE;
				GCC_WARN_UNUSED_FUNCTION = YES;
				GCC_WARN_UNUSED_VARIABLE = YES;
				IPHONEOS_DEPLOYMENT_TARGET = 14.4;
				MTL_ENABLE_DEBUG_INFO = NO;
				MTL_FAST_MATH = YES;
				SDKROOT = iphoneos;
				SWIFT_COMPILATION_MODE = wholemodule;
				SWIFT_OPTIMIZATION_LEVEL = "-O";
				VALIDATE_PRODUCT = YES;
			};
			name = Release;
		};
		ABD2F1A026484E3A0019BCED /* Debug */ = {
			isa = XCBuildConfiguration;
			baseConfigurationReference = 615042BEB77665631B5B697E /* Pods-cgv-iOS-clone.debug.xcconfig */;
			buildSettings = {
				ASSETCATALOG_COMPILER_APPICON_NAME = AppIcon;
				ASSETCATALOG_COMPILER_GLOBAL_ACCENT_COLOR_NAME = AccentColor;
				CODE_SIGN_STYLE = Automatic;
				DEVELOPMENT_TEAM = G7SD8523Y3;
				INFOPLIST_FILE = "cgv-iOS-clone/Info.plist";
				LD_RUNPATH_SEARCH_PATHS = (
					"$(inherited)",
					"@executable_path/Frameworks",
				);
				PRODUCT_BUNDLE_IDENTIFIER = "inaelee.cgv-iOS-clone";
				PRODUCT_NAME = "$(TARGET_NAME)";
				SWIFT_VERSION = 5.0;
				TARGETED_DEVICE_FAMILY = 1;
			};
			name = Debug;
		};
		ABD2F1A126484E3A0019BCED /* Release */ = {
			isa = XCBuildConfiguration;
			baseConfigurationReference = 3CE3C13488DA8B6A2962932C /* Pods-cgv-iOS-clone.release.xcconfig */;
			buildSettings = {
				ASSETCATALOG_COMPILER_APPICON_NAME = AppIcon;
				ASSETCATALOG_COMPILER_GLOBAL_ACCENT_COLOR_NAME = AccentColor;
				CODE_SIGN_STYLE = Automatic;
				DEVELOPMENT_TEAM = G7SD8523Y3;
				INFOPLIST_FILE = "cgv-iOS-clone/Info.plist";
				LD_RUNPATH_SEARCH_PATHS = (
					"$(inherited)",
					"@executable_path/Frameworks",
				);
				PRODUCT_BUNDLE_IDENTIFIER = "inaelee.cgv-iOS-clone";
				PRODUCT_NAME = "$(TARGET_NAME)";
				SWIFT_VERSION = 5.0;
				TARGETED_DEVICE_FAMILY = 1;
			};
			name = Release;
		};
/* End XCBuildConfiguration section */

/* Begin XCConfigurationList section */
		ABD2F18626484E380019BCED /* Build configuration list for PBXProject "cgv-iOS-clone" */ = {
			isa = XCConfigurationList;
			buildConfigurations = (
				ABD2F19D26484E3A0019BCED /* Debug */,
				ABD2F19E26484E3A0019BCED /* Release */,
			);
			defaultConfigurationIsVisible = 0;
			defaultConfigurationName = Release;
		};
		ABD2F19F26484E3A0019BCED /* Build configuration list for PBXNativeTarget "cgv-iOS-clone" */ = {
			isa = XCConfigurationList;
			buildConfigurations = (
				ABD2F1A026484E3A0019BCED /* Debug */,
				ABD2F1A126484E3A0019BCED /* Release */,
			);
			defaultConfigurationIsVisible = 0;
			defaultConfigurationName = Release;
		};
/* End XCConfigurationList section */
	};
	rootObject = ABD2F18326484E380019BCED /* Project object */;
}
